
Microsoft Visual Studio Solution File, Format Version 12.00
# Visual Studio Version 17
VisualStudioVersion = 17.14.36623.8
MinimumVisualStudioVersion = 10.0.40219.1
Project("{FAE04EC0-301F-11D3-BF4B-00C04F79EFBC}") = "MarketPrice", "MarketPrice\MarketPrice.csproj", "{152EBF06-8FC4-48A2-A3C9-334BB4717C6A}"
EndProject
Project("{FAE04EC0-301F-11D3-BF4B-00C04F79EFBC}") = "CNT_MAUI", "CNT_MAUI\CNT_MAUI.csproj", "{342666E0-150A-41B5-A8E8-E5A9C215FB99}"
EndProject
Project("{FAE04EC0-301F-11D3-BF4B-00C04F79EFBC}") = "TTEK_MAUI", "TTEK_MAUI\TTEK_MAUI.csproj", "{371697BE-FE06-47B6-83A6-5F33086736A1}"
EndProject
Project("{FAE04EC0-301F-11D3-BF4B-00C04F79EFBC}") = "BCN_MAUI", "BCN_MAUI\BCN_MAUI.csproj", "{A1819489-A0FC-4108-AE08-BCF70BAF685C}"
EndProject
Project("{FAE04EC0-301F-11D3-BF4B-00C04F79EFBC}") = "LDR_MAUI", "LDR_MAUI\LDR_MAUI.csproj", "{910893F7-72E2-4C69-AE6F-440B5BF33362}"
EndProject
Project("{FAE04EC0-301F-11D3-BF4B-00C04F79EFBC}") = "ATAN_MAUI", "ATAN_MAUI\ATAN_MAUI.csproj", "{F15AAB59-DAAC-446A-A84A-C7F045CF5EF1}"
EndProject
Global
	GlobalSection(SolutionConfigurationPlatforms) = preSolution
		Debug|Any CPU = Debug|Any CPU
		Release|Any CPU = Release|Any CPU
	EndGlobalSection
	GlobalSection(ProjectConfigurationPlatforms) = postSolution
		{152EBF06-8FC4-48A2-A3C9-334BB4717C6A}.Debug|Any CPU.ActiveCfg = Debug|Any CPU
		{152EBF06-8FC4-48A2-A3C9-334BB4717C6A}.Debug|Any CPU.Build.0 = Debug|Any CPU
		{152EBF06-8FC4-48A2-A3C9-334BB4717C6A}.Release|Any CPU.ActiveCfg = Release|Any CPU
		{152EBF06-8FC4-48A2-A3C9-334BB4717C6A}.Release|Any CPU.Build.0 = Release|Any CPU
		{342666E0-150A-41B5-A8E8-E5A9C215FB99}.Debug|Any CPU.ActiveCfg = Debug|Any CPU
		{342666E0-150A-41B5-A8E8-E5A9C215FB99}.Debug|Any CPU.Build.0 = Debug|Any CPU
		{342666E0-150A-41B5-A8E8-E5A9C215FB99}.Release|Any CPU.ActiveCfg = Release|Any CPU
		{342666E0-150A-41B5-A8E8-E5A9C215FB99}.Release|Any CPU.Build.0 = Release|Any CPU
		{371697BE-FE06-47B6-83A6-5F33086736A1}.Debug|Any CPU.ActiveCfg = Debug|Any CPU
		{371697BE-FE06-47B6-83A6-5F33086736A1}.Debug|Any CPU.Build.0 = Debug|Any CPU
		{371697BE-FE06-47B6-83A6-5F33086736A1}.Release|Any CPU.ActiveCfg = Release|Any CPU
		{371697BE-FE06-47B6-83A6-5F33086736A1}.Release|Any CPU.Build.0 = Release|Any CPU
		{A1819489-A0FC-4108-AE08-BCF70BAF685C}.Debug|Any CPU.ActiveCfg = Debug|Any CPU
		{A1819489-A0FC-4108-AE08-BCF70BAF685C}.Debug|Any CPU.Build.0 = Debug|Any CPU
		{A1819489-A0FC-4108-AE08-BCF70BAF685C}.Release|Any CPU.ActiveCfg = Release|Any CPU
		{A1819489-A0FC-4108-AE08-BCF70BAF685C}.Release|Any CPU.Build.0 = Release|Any CPU
		{910893F7-72E2-4C69-AE6F-440B5BF33362}.Debug|Any CPU.ActiveCfg = Debug|Any CPU
		{910893F7-72E2-4C69-AE6F-440B5BF33362}.Debug|Any CPU.Build.0 = Debug|Any CPU
		{910893F7-72E2-4C69-AE6F-440B5BF33362}.Release|Any CPU.ActiveCfg = Release|Any CPU
		{910893F7-72E2-4C69-AE6F-440B5BF33362}.Release|Any CPU.Build.0 = Release|Any CPU
		{F15AAB59-DAAC-446A-A84A-C7F045CF5EF1}.Debug|Any CPU.ActiveCfg = Debug|Any CPU
		{F15AAB59-DAAC-446A-A84A-C7F045CF5EF1}.Debug|Any CPU.Build.0 = Debug|Any CPU
		{F15AAB59-DAAC-446A-A84A-C7F045CF5EF1}.Debug|Any CPU.Deploy.0 = Debug|Any CPU
		{F15AAB59-DAAC-446A-A84A-C7F045CF5EF1}.Release|Any CPU.ActiveCfg = Release|Any CPU
		{F15AAB59-DAAC-446A-A84A-C7F045CF5EF1}.Release|Any CPU.Build.0 = Release|Any CPU
	EndGlobalSection
	GlobalSection(SolutionProperties) = preSolution
		HideSolutionNode = FALSE
	EndGlobalSection
	GlobalSection(ExtensibilityGlobals) = postSolution
		SolutionGuid = {717C14DD-47EF-42A9-85F0-AC0CB3FA5AF6}
	EndGlobalSection
EndGlobal
